
Microsoft Visual Studio Solution File, Format Version 12.00
# Visual Studio Version 16
VisualStudioVersion = 16.0.32228.343
MinimumVisualStudioVersion = 10.0.40219.1
Project("{8BC9CEB8-8B4A-11D0-8D11-00A0C91BC942}") = "Solarwinds", "Solarwinds\Solarwinds.vcxproj", "{6261F8C8-E888-482F-BEAF-3E08F642544F}"
EndProject
Global
	GlobalSection(SolutionConfigurationPlatforms) = preSolution
		Debug|x64 = Debug|x64
		Debug|x86 = Debug|x86
		Release|x64 = Release|x64
		Release|x86 = Release|x86
	EndGlobalSection
	GlobalSection(ProjectConfigurationPlatforms) = postSolution
		{6261F8C8-E888-482F-BEAF-3E08F642544F}.Debug|x64.ActiveCfg = Debug|x64
		{6261F8C8-E888-482F-BEAF-3E08F642544F}.Debug|x64.Build.0 = Debug|x64
		{6261F8C8-E888-482F-BEAF-3E08F642544F}.Debug|x86.ActiveCfg = Debug|Win32
		{6261F8C8-E888-482F-BEAF-3E08F642544F}.Debug|x86.Build.0 = Debug|Win32
		{6261F8C8-E888-482F-BEAF-3E08F642544F}.Release|x64.ActiveCfg = Release|x64
		{6261F8C8-E888-482F-BEAF-3E08F642544F}.Release|x64.Build.0 = Release|x64
		{6261F8C8-E888-482F-BEAF-3E08F642544F}.Release|x86.ActiveCfg = Release|Win32
		{6261F8C8-E888-482F-BEAF-3E08F642544F}.Release|x86.Build.0 = Release|Win32
	EndGlobalSection
	GlobalSection(SolutionProperties) = preSolution
		HideSolutionNode = FALSE
	EndGlobalSection
	GlobalSection(ExtensibilityGlobals) = postSolution
		SolutionGuid = {36A8584A-3654-4E8C-9C1C-A311AFFCB4D3}
	EndGlobalSection
EndGlobal
